// !$*UTF8*$!
{
	archiveVersion = 1;
	classes = {
	};
	objectVersion = 55;
	objects = {

/* Begin PBXBuildFile section */
		0C03BDEB287466C000334D85 /* AppDelegate.swift in Sources */ = {isa = PBXBuildFile; fileRef = 0C03BDEA287466C000334D85 /* AppDelegate.swift */; };
		0C03BDED287466C000334D85 /* SceneDelegate.swift in Sources */ = {isa = PBXBuildFile; fileRef = 0C03BDEC287466C000334D85 /* SceneDelegate.swift */; };
		0C03BDEF287466C000334D85 /* ViewController.swift in Sources */ = {isa = PBXBuildFile; fileRef = 0C03BDEE287466C000334D85 /* ViewController.swift */; };
		0C03BDF2287466C000334D85 /* Main.storyboard in Resources */ = {isa = PBXBuildFile; fileRef = 0C03BDF0287466C000334D85 /* Main.storyboard */; };
		0C03BDF4287466C100334D85 /* Assets.xcassets in Resources */ = {isa = PBXBuildFile; fileRef = 0C03BDF3287466C100334D85 /* Assets.xcassets */; };
		0C03BDF7287466C100334D85 /* LaunchScreen.storyboard in Resources */ = {isa = PBXBuildFile; fileRef = 0C03BDF5287466C100334D85 /* LaunchScreen.storyboard */; };
		0C03BE00287466F800334D85 /* SnapKit in Frameworks */ = {isa = PBXBuildFile; productRef = 0C03BDFF287466F800334D85 /* SnapKit */; };
		0C03BE022874671600334D85 /* VerticalViewController.swift in Sources */ = {isa = PBXBuildFile; fileRef = 0C03BE012874671600334D85 /* VerticalViewController.swift */; };
		0C03BE042874672600334D85 /* HorizontalViewController.swift in Sources */ = {isa = PBXBuildFile; fileRef = 0C03BE032874672600334D85 /* HorizontalViewController.swift */; };
		0C03BE062874676C00334D85 /* ScrollViewController.swift in Sources */ = {isa = PBXBuildFile; fileRef = 0C03BE052874676C00334D85 /* ScrollViewController.swift */; };
		0C93F5ED287C4160008A6EAE /* SecondHorizontalViewController.swift in Sources */ = {isa = PBXBuildFile; fileRef = 0C93F5EC287C4160008A6EAE /* SecondHorizontalViewController.swift */; };
		0C9E179F289818C3009C9945 /* ScrollCollectionViewController.swift in Sources */ = {isa = PBXBuildFile; fileRef = 0C9E179E289818C3009C9945 /* ScrollCollectionViewController.swift */; };
		0C9E17A128993E96009C9945 /* MyCollectionViewCell.swift in Sources */ = {isa = PBXBuildFile; fileRef = 0C9E17A028993E96009C9945 /* MyCollectionViewCell.swift */; };
/* End PBXBuildFile section */

/* Begin PBXFileReference section */
		0C03BDE7287466C000334D85 /* scrollView.app */ = {isa = PBXFileReference; explicitFileType = wrapper.application; includeInIndex = 0; path = scrollView.app; sourceTree = BUILT_PRODUCTS_DIR; };
		0C03BDEA287466C000334D85 /* AppDelegate.swift */ = {isa = PBXFileReference; lastKnownFileType = sourcecode.swift; path = AppDelegate.swift; sourceTree = "<group>"; };
		0C03BDEC287466C000334D85 /* SceneDelegate.swift */ = {isa = PBXFileReference; lastKnownFileType = sourcecode.swift; path = SceneDelegate.swift; sourceTree = "<group>"; };
		0C03BDEE287466C000334D85 /* ViewController.swift */ = {isa = PBXFileReference; lastKnownFileType = sourcecode.swift; path = ViewController.swift; sourceTree = "<group>"; };
		0C03BDF1287466C000334D85 /* Base */ = {isa = PBXFileReference; lastKnownFileType = file.storyboard; name = Base; path = Base.lproj/Main.storyboard; sourceTree = "<group>"; };
		0C03BDF3287466C100334D85 /* Assets.xcassets */ = {isa = PBXFileReference; lastKnownFileType = folder.assetcatalog; path = Assets.xcassets; sourceTree = "<group>"; };
		0C03BDF6287466C100334D85 /* Base */ = {isa = PBXFileReference; lastKnownFileType = file.storyboard; name = Base; path = Base.lproj/LaunchScreen.storyboard; sourceTree = "<group>"; };
		0C03BDF8287466C100334D85 /* Info.plist */ = {isa = PBXFileReference; lastKnownFileType = text.plist.xml; path = Info.plist; sourceTree = "<group>"; };
		0C03BE012874671600334D85 /* VerticalViewController.swift */ = {isa = PBXFileReference; lastKnownFileType = sourcecode.swift; path = VerticalViewController.swift; sourceTree = "<group>"; };
		0C03BE032874672600334D85 /* HorizontalViewController.swift */ = {isa = PBXFileReference; lastKnownFileType = sourcecode.swift; path = HorizontalViewController.swift; sourceTree = "<group>"; };
		0C03BE052874676C00334D85 /* ScrollViewController.swift */ = {isa = PBXFileReference; lastKnownFileType = sourcecode.swift; path = ScrollViewController.swift; sourceTree = "<group>"; };
		0C93F5EC287C4160008A6EAE /* SecondHorizontalViewController.swift */ = {isa = PBXFileReference; lastKnownFileType = sourcecode.swift; path = SecondHorizontalViewController.swift; sourceTree = "<group>"; };
		0C9E179E289818C3009C9945 /* ScrollCollectionViewController.swift */ = {isa = PBXFileReference; lastKnownFileType = sourcecode.swift; path = ScrollCollectionViewController.swift; sourceTree = "<group>"; };
		0C9E17A028993E96009C9945 /* MyCollectionViewCell.swift */ = {isa = PBXFileReference; lastKnownFileType = sourcecode.swift; path = MyCollectionViewCell.swift; sourceTree = "<group>"; };
/* End PBXFileReference section */

/* Begin PBXFrameworksBuildPhase section */
		0C03BDE4287466C000334D85 /* Frameworks */ = {
			isa = PBXFrameworksBuildPhase;
			buildActionMask = 2147483647;
			files = (
				0C03BE00287466F800334D85 /* SnapKit in Frameworks */,
			);
			runOnlyForDeploymentPostprocessing = 0;
		};
/* End PBXFrameworksBuildPhase section */

/* Begin PBXGroup section */
		0C03BDDE287466C000334D85 = {
			isa = PBXGroup;
			children = (
				0C03BDE9287466C000334D85 /* scrollView */,
				0C03BDE8287466C000334D85 /* Products */,
			);
			sourceTree = "<group>";
		};
		0C03BDE8287466C000334D85 /* Products */ = {
			isa = PBXGroup;
			children = (
				0C03BDE7287466C000334D85 /* scrollView.app */,
			);
			name = Products;
			sourceTree = "<group>";
		};
		0C03BDE9287466C000334D85 /* scrollView */ = {
			isa = PBXGroup;
			children = (
				0C03BDEA287466C000334D85 /* AppDelegate.swift */,
				0C03BDEC287466C000334D85 /* SceneDelegate.swift */,
				0C03BDEE287466C000334D85 /* ViewController.swift */,
				0C03BE032874672600334D85 /* HorizontalViewController.swift */,
				0C93F5EC287C4160008A6EAE /* SecondHorizontalViewController.swift */,
				0C03BE012874671600334D85 /* VerticalViewController.swift */,
				0C03BE052874676C00334D85 /* ScrollViewController.swift */,
				0C9E179E289818C3009C9945 /* ScrollCollectionViewController.swift */,
				0C9E17A028993E96009C9945 /* MyCollectionViewCell.swift */,
				0C03BDF0287466C000334D85 /* Main.storyboard */,
				0C03BDF3287466C100334D85 /* Assets.xcassets */,
				0C03BDF5287466C100334D85 /* LaunchScreen.storyboard */,
				0C03BDF8287466C100334D85 /* Info.plist */,
			);
			path = scrollView;
			sourceTree = "<group>";
		};
/* End PBXGroup section */

/* Begin PBXNativeTarget section */
		0C03BDE6287466C000334D85 /* scrollView */ = {
			isa = PBXNativeTarget;
			buildConfigurationList = 0C03BDFB287466C100334D85 /* Build configuration list for PBXNativeTarget "scrollView" */;
			buildPhases = (
				0C03BDE3287466C000334D85 /* Sources */,
				0C03BDE4287466C000334D85 /* Frameworks */,
				0C03BDE5287466C000334D85 /* Resources */,
			);
			buildRules = (
			);
			dependencies = (
			);
			name = scrollView;
			packageProductDependencies = (
				0C03BDFF287466F800334D85 /* SnapKit */,
			);
			productName = scrollView;
			productReference = 0C03BDE7287466C000334D85 /* scrollView.app */;
			productType = "com.apple.product-type.application";
		};
/* End PBXNativeTarget section */

/* Begin PBXProject section */
		0C03BDDF287466C000334D85 /* Project object */ = {
			isa = PBXProject;
			attributes = {
				BuildIndependentTargetsInParallel = 1;
				LastSwiftUpdateCheck = 1340;
				LastUpgradeCheck = 1340;
				TargetAttributes = {
					0C03BDE6287466C000334D85 = {
						CreatedOnToolsVersion = 13.4.1;
					};
				};
			};
			buildConfigurationList = 0C03BDE2287466C000334D85 /* Build configuration list for PBXProject "scrollView" */;
			compatibilityVersion = "Xcode 13.0";
			developmentRegion = en;
			hasScannedForEncodings = 0;
			knownRegions = (
				en,
				Base,
			);
			mainGroup = 0C03BDDE287466C000334D85;
			packageReferences = (
				0C03BDFE287466F800334D85 /* XCRemoteSwiftPackageReference "SnapKit" */,
			);
			productRefGroup = 0C03BDE8287466C000334D85 /* Products */;
			projectDirPath = "";
			projectRoot = "";
			targets = (
				0C03BDE6287466C000334D85 /* scrollView */,
			);
		};
/* End PBXProject section */

/* Begin PBXResourcesBuildPhase section */
		0C03BDE5287466C000334D85 /* Resources */ = {
			isa = PBXResourcesBuildPhase;
			buildActionMask = 2147483647;
			files = (
				0C03BDF7287466C100334D85 /* LaunchScreen.storyboard in Resources */,
				0C03BDF4287466C100334D85 /* Assets.xcassets in Resources */,
				0C03BDF2287466C000334D85 /* Main.storyboard in Resources */,
			);
			runOnlyForDeploymentPostprocessing = 0;
		};
/* End PBXResourcesBuildPhase section */

/* Begin PBXSourcesBuildPhase section */
		0C03BDE3287466C000334D85 /* Sources */ = {
			isa = PBXSourcesBuildPhase;
			buildActionMask = 2147483647;
			files = (
				0C03BE022874671600334D85 /* VerticalViewController.swift in Sources */,
				0C9E179F289818C3009C9945 /* ScrollCollectionViewController.swift in Sources */,
				0C9E17A128993E96009C9945 /* MyCollectionViewCell.swift in Sources */,
				0C03BE062874676C00334D85 /* ScrollViewController.swift in Sources */,
				0C03BDEF287466C000334D85 /* ViewController.swift in Sources */,
				0C03BDEB287466C000334D85 /* AppDelegate.swift in Sources */,
				0C03BDED287466C000334D85 /* SceneDelegate.swift in Sources */,
				0C03BE042874672600334D85 /* HorizontalViewController.swift in Sources */,
				0C93F5ED287C4160008A6EAE /* SecondHorizontalViewController.swift in Sources */,
			);
			runOnlyForDeploymentPostprocessing = 0;
		};
/* End PBXSourcesBuildPhase section */

/* Begin PBXVariantGroup section */
		0C03BDF0287466C000334D85 /* Main.storyboard */ = {
			isa = PBXVariantGroup;
			children = (
				0C03BDF1287466C000334D85 /* Base */,
			);
			name = Main.storyboard;
			sourceTree = "<group>";
		};
		0C03BDF5287466C100334D85 /* LaunchScreen.storyboard */ = {
			isa = PBXVariantGroup;
			children = (
				0C03BDF6287466C100334D85 /* Base */,
			);
			name = LaunchScreen.storyboard;
			sourceTree = "<group>";
		};
/* End PBXVariantGroup section */

/* Begin XCBuildConfiguration section */
		0C03BDF9287466C100334D85 /* Debug */ = {
			isa = XCBuildConfiguration;
			buildSettings = {
				ALWAYS_SEARCH_USER_PATHS = NO;
				CLANG_ANALYZER_NONNULL = YES;
				CLANG_ANALYZER_NUMBER_OBJECT_CONVERSION = YES_AGGRESSIVE;
				CLANG_CXX_LANGUAGE_STANDARD = "gnu++17";
				CLANG_ENABLE_MODULES = YES;
				CLANG_ENABLE_OBJC_ARC = YES;
				CLANG_ENABLE_OBJC_WEAK = YES;
				CLANG_WARN_BLOCK_CAPTURE_AUTORELEASING = YES;
				CLANG_WARN_BOOL_CONVERSION = YES;
				CLANG_WARN_COMMA = YES;
				CLANG_WARN_CONSTANT_CONVERSION = YES;
				CLANG_WARN_DEPRECATED_OBJC_IMPLEMENTATIONS = YES;
				CLANG_WARN_DIRECT_OBJC_ISA_USAGE = YES_ERROR;
				CLANG_WARN_DOCUMENTATION_COMMENTS = YES;
				CLANG_WARN_EMPTY_BODY = YES;
				CLANG_WARN_ENUM_CONVERSION = YES;
				CLANG_WARN_INFINITE_RECURSION = YES;
				CLANG_WARN_INT_CONVERSION = YES;
				CLANG_WARN_NON_LITERAL_NULL_CONVERSION = YES;
				CLANG_WARN_OBJC_IMPLICIT_RETAIN_SELF = YES;
				CLANG_WARN_OBJC_LITERAL_CONVERSION = YES;
				CLANG_WARN_OBJC_ROOT_CLASS = YES_ERROR;
				CLANG_WARN_QUOTED_INCLUDE_IN_FRAMEWORK_HEADER = YES;
				CLANG_WARN_RANGE_LOOP_ANALYSIS = YES;
				CLANG_WARN_STRICT_PROTOTYPES = YES;
				CLANG_WARN_SUSPICIOUS_MOVE = YES;
				CLANG_WARN_UNGUARDED_AVAILABILITY = YES_AGGRESSIVE;
				CLANG_WARN_UNREACHABLE_CODE = YES;
				CLANG_WARN__DUPLICATE_METHOD_MATCH = YES;
				COPY_PHASE_STRIP = NO;
				DEBUG_INFORMATION_FORMAT = dwarf;
				ENABLE_STRICT_OBJC_MSGSEND = YES;
				ENABLE_TESTABILITY = YES;
				GCC_C_LANGUAGE_STANDARD = gnu11;
				GCC_DYNAMIC_NO_PIC = NO;
				GCC_NO_COMMON_BLOCKS = YES;
				GCC_OPTIMIZATION_LEVEL = 0;
				GCC_PREPROCESSOR_DEFINITIONS = (
					"DEBUG=1",
					"$(inherited)",
				);
				GCC_WARN_64_TO_32_BIT_CONVERSION = YES;
				GCC_WARN_ABOUT_RETURN_TYPE = YES_ERROR;
				GCC_WARN_UNDECLARED_SELECTOR = YES;
				GCC_WARN_UNINITIALIZED_AUTOS = YES_AGGRESSIVE;
				GCC_WARN_UNUSED_FUNCTION = YES;
				GCC_WARN_UNUSED_VARIABLE = YES;
				IPHONEOS_DEPLOYMENT_TARGET = 15.5;
				MTL_ENABLE_DEBUG_INFO = INCLUDE_SOURCE;
				MTL_FAST_MATH = YES;
				ONLY_ACTIVE_ARCH = YES;
				SDKROOT = iphoneos;
				SWIFT_ACTIVE_COMPILATION_CONDITIONS = DEBUG;
				SWIFT_OPTIMIZATION_LEVEL = "-Onone";
			};
			name = Debug;
		};
		0C03BDFA287466C100334D85 /* Release */ = {
			isa = XCBuildConfiguration;
			buildSettings = {
				ALWAYS_SEARCH_USER_PATHS = NO;
				CLANG_ANALYZER_NONNULL = YES;
				CLANG_ANALYZER_NUMBER_OBJECT_CONVERSION = YES_AGGRESSIVE;
				CLANG_CXX_LANGUAGE_STANDARD = "gnu++17";
				CLANG_ENABLE_MODULES = YES;
				CLANG_ENABLE_OBJC_ARC = YES;
				CLANG_ENABLE_OBJC_WEAK = YES;
				CLANG_WARN_BLOCK_CAPTURE_AUTORELEASING = YES;
				CLANG_WARN_BOOL_CONVERSION = YES;
				CLANG_WARN_COMMA = YES;
				CLANG_WARN_CONSTANT_CONVERSION = YES;
				CLANG_WARN_DEPRECATED_OBJC_IMPLEMENTATIONS = YES;
				CLANG_WARN_DIRECT_OBJC_ISA_USAGE = YES_ERROR;
				CLANG_WARN_DOCUMENTATION_COMMENTS = YES;
				CLANG_WARN_EMPTY_BODY = YES;
				CLANG_WARN_ENUM_CONVERSION = YES;
				CLANG_WARN_INFINITE_RECURSION = YES;
				CLANG_WARN_INT_CONVERSION = YES;
				CLANG_WARN_NON_LITERAL_NULL_CONVERSION = YES;
				CLANG_WARN_OBJC_IMPLICIT_RETAIN_SELF = YES;
				CLANG_WARN_OBJC_LITERAL_CONVERSION = YES;
				CLANG_WARN_OBJC_ROOT_CLASS = YES_ERROR;
				CLANG_WARN_QUOTED_INCLUDE_IN_FRAMEWORK_HEADER = YES;
				CLANG_WARN_RANGE_LOOP_ANALYSIS = YES;
				CLANG_WARN_STRICT_PROTOTYPES = YES;
				CLANG_WARN_SUSPICIOUS_MOVE = YES;
				CLANG_WARN_UNGUARDED_AVAILABILITY = YES_AGGRESSIVE;
				CLANG_WARN_UNREACHABLE_CODE = YES;
				CLANG_WARN__DUPLICATE_METHOD_MATCH = YES;
				COPY_PHASE_STRIP = NO;
				DEBUG_INFORMATION_FORMAT = "dwarf-with-dsym";
				ENABLE_NS_ASSERTIONS = NO;
				ENABLE_STRICT_OBJC_MSGSEND = YES;
				GCC_C_LANGUAGE_STANDARD = gnu11;
				GCC_NO_COMMON_BLOCKS = YES;
				GCC_WARN_64_TO_32_BIT_CONVERSION = YES;
				GCC_WARN_ABOUT_RETURN_TYPE = YES_ERROR;
				GCC_WARN_UNDECLARED_SELECTOR = YES;
				GCC_WARN_UNINITIALIZED_AUTOS = YES_AGGRESSIVE;
				GCC_WARN_UNUSED_FUNCTION = YES;
				GCC_WARN_UNUSED_VARIABLE = YES;
				IPHONEOS_DEPLOYMENT_TARGET = 15.5;
				MTL_ENABLE_DEBUG_INFO = NO;
				MTL_FAST_MATH = YES;
				SDKROOT = iphoneos;
				SWIFT_COMPILATION_MODE = wholemodule;
				SWIFT_OPTIMIZATION_LEVEL = "-O";
				VALIDATE_PRODUCT = YES;
			};
			name = Release;
		};
		0C03BDFC287466C100334D85 /* Debug */ = {
			isa = XCBuildConfiguration;
			buildSettings = {
				ASSETCATALOG_COMPILER_APPICON_NAME = AppIcon;
				ASSETCATALOG_COMPILER_GLOBAL_ACCENT_COLOR_NAME = AccentColor;
				CODE_SIGN_STYLE = Automatic;
				CURRENT_PROJECT_VERSION = 1;
				DEVELOPMENT_TEAM = Y89LJ6BC92;
				GENERATE_INFOPLIST_FILE = YES;
				INFOPLIST_FILE = scrollView/Info.plist;
				INFOPLIST_KEY_UIApplicationSupportsIndirectInputEvents = YES;
				INFOPLIST_KEY_UILaunchStoryboardName = LaunchScreen;
				INFOPLIST_KEY_UIMainStoryboardFile = Main;
				INFOPLIST_KEY_UISupportedInterfaceOrientations_iPad = "UIInterfaceOrientationPortrait UIInterfaceOrientationPortraitUpsideDown UIInterfaceOrientationLandscapeLeft UIInterfaceOrientationLandscapeRight";
				INFOPLIST_KEY_UISupportedInterfaceOrientations_iPhone = "UIInterfaceOrientationPortrait UIInterfaceOrientationLandscapeLeft UIInterfaceOrientationLandscapeRight";
				LD_RUNPATH_SEARCH_PATHS = (
					"$(inherited)",
					"@executable_path/Frameworks",
				);
				MARKETING_VERSION = 1.0;
				PRODUCT_BUNDLE_IDENTIFIER = com.yyjyyj333.scrollView;
				PRODUCT_NAME = "$(TARGET_NAME)";
				SWIFT_EMIT_LOC_STRINGS = YES;
				SWIFT_VERSION = 5.0;
				TARGETED_DEVICE_FAMILY = 1;
			};
			name = Debug;
		};
		0C03BDFD287466C100334D85 /* Release */ = {
			isa = XCBuildConfiguration;
			buildSettings = {
				ASSETCATALOG_COMPILER_APPICON_NAME = AppIcon;
				ASSETCATALOG_COMPILER_GLOBAL_ACCENT_COLOR_NAME = AccentColor;
				CODE_SIGN_STYLE = Automatic;
				CURRENT_PROJECT_VERSION = 1;
				DEVELOPMENT_TEAM = Y89LJ6BC92;
				GENERATE_INFOPLIST_FILE = YES;
				INFOPLIST_FILE = scrollView/Info.plist;
				INFOPLIST_KEY_UIApplicationSupportsIndirectInputEvents = YES;
				INFOPLIST_KEY_UILaunchStoryboardName = LaunchScreen;
				INFOPLIST_KEY_UIMainStoryboardFile = Main;
				INFOPLIST_KEY_UISupportedInterfaceOrientations_iPad = "UIInterfaceOrientationPortrait UIInterfaceOrientationPortraitUpsideDown UIInterfaceOrientationLandscapeLeft UIInterfaceOrientationLandscapeRight";
				INFOPLIST_KEY_UISupportedInterfaceOrientations_iPhone = "UIInterfaceOrientationPortrait UIInterfaceOrientationLandscapeLeft UIInterfaceOrientationLandscapeRight";
				LD_RUNPATH_SEARCH_PATHS = (
					"$(inherited)",
					"@executable_path/Frameworks",
				);
				MARKETING_VERSION = 1.0;
				PRODUCT_BUNDLE_IDENTIFIER = com.yyjyyj333.scrollView;
				PRODUCT_NAME = "$(TARGET_NAME)";
				SWIFT_EMIT_LOC_STRINGS = YES;
				SWIFT_VERSION = 5.0;
				TARGETED_DEVICE_FAMILY = 1;
			};
			name = Release;
		};
/* End XCBuildConfiguration section */

/* Begin XCConfigurationList section */
		0C03BDE2287466C000334D85 /* Build configuration list for PBXProject "scrollView" */ = {
			isa = XCConfigurationList;
			buildConfigurations = (
				0C03BDF9287466C100334D85 /* Debug */,
				0C03BDFA287466C100334D85 /* Release */,
			);
			defaultConfigurationIsVisible = 0;
			defaultConfigurationName = Release;
		};
		0C03BDFB287466C100334D85 /* Build configuration list for PBXNativeTarget "scrollView" */ = {
			isa = XCConfigurationList;
			buildConfigurations = (
				0C03BDFC287466C100334D85 /* Debug */,
				0C03BDFD287466C100334D85 /* Release */,
			);
			defaultConfigurationIsVisible = 0;
			defaultConfigurationName = Release;
		};
/* End XCConfigurationList section */

/* Begin XCRemoteSwiftPackageReference section */
		0C03BDFE287466F800334D85 /* XCRemoteSwiftPackageReference "SnapKit" */ = {
			isa = XCRemoteSwiftPackageReference;
			repositoryURL = "https://github.com/SnapKit/SnapKit";
			requirement = {
				kind = upToNextMajorVersion;
				minimumVersion = 5.0.0;
			};
		};
/* End XCRemoteSwiftPackageReference section */

/* Begin XCSwiftPackageProductDependency section */
		0C03BDFF287466F800334D85 /* SnapKit */ = {
			isa = XCSwiftPackageProductDependency;
			package = 0C03BDFE287466F800334D85 /* XCRemoteSwiftPackageReference "SnapKit" */;
			productName = SnapKit;
		};
/* End XCSwiftPackageProductDependency section */
	};
	rootObject = 0C03BDDF287466C000334D85 /* Project object */;
}
